
Microsoft Visual Studio Solution File, Format Version 12.00
# Visual Studio Version 17
VisualStudioVersion = 17.4.33213.308
MinimumVisualStudioVersion = 10.0.40219.1
Project("{9A19103F-16F7-4668-BE54-9A1E7A4F7556}") = "SimConnectServer", "SimConnectServer.csproj", "{FED1784B-7508-4F9B-B570-D410B51B1E5D}"
EndProject
Global
	GlobalSection(SolutionConfigurationPlatforms) = preSolution
		Debug|Any CPU = Debug|Any CPU
		Debug|x64 = Debug|x64
		Release|Any CPU = Release|Any CPU
		Release|x64 = Release|x64
	EndGlobalSection
	GlobalSection(ProjectConfigurationPlatforms) = postSolution
		{FED1784B-7508-4F9B-B570-D410B51B1E5D}.Debug|Any CPU.ActiveCfg = Debug|Any CPU
		{FED1784B-7508-4F9B-B570-D410B51B1E5D}.Debug|Any CPU.Build.0 = Debug|Any CPU
		{FED1784B-7508-4F9B-B570-D410B51B1E5D}.Debug|x64.ActiveCfg = Debug|x64
		{FED1784B-7508-4F9B-B570-D410B51B1E5D}.Debug|x64.Build.0 = Debug|x64
		{FED1784B-7508-4F9B-B570-D410B51B1E5D}.Release|Any CPU.ActiveCfg = Release|Any CPU
		{FED1784B-7508-4F9B-B570-D410B51B1E5D}.Release|Any CPU.Build.0 = Release|Any CPU
		{FED1784B-7508-4F9B-B570-D410B51B1E5D}.Release|x64.ActiveCfg = Release|x64
		{FED1784B-7508-4F9B-B570-D410B51B1E5D}.Release|x64.Build.0 = Release|x64
	EndGlobalSection
	GlobalSection(SolutionProperties) = preSolution
		HideSolutionNode = FALSE
	EndGlobalSection
	GlobalSection(ExtensibilityGlobals) = postSolution
		SolutionGuid = {10DBFF29-DAE7-4417-AAC3-6D6E7B34FF1C}
	EndGlobalSection
EndGlobal
